// !$*UTF8*$!
{
	archiveVersion = 1;
	classes = {
	};
	objectVersion = 50;
	objects = {

/* Begin PBXBuildFile section */
		A9EC0CAB2347DD230070C12A /* AppDelegate.swift in Sources */ = {isa = PBXBuildFile; fileRef = A9EC0CAA2347DD230070C12A /* AppDelegate.swift */; };
		A9EC0CAD2347DD230070C12A /* SceneDelegate.swift in Sources */ = {isa = PBXBuildFile; fileRef = A9EC0CAC2347DD230070C12A /* SceneDelegate.swift */; };
		A9EC0CAF2347DD230070C12A /* ViewController.swift in Sources */ = {isa = PBXBuildFile; fileRef = A9EC0CAE2347DD230070C12A /* ViewController.swift */; };
		A9EC0CB22347DD230070C12A /* Main.storyboard in Resources */ = {isa = PBXBuildFile; fileRef = A9EC0CB02347DD230070C12A /* Main.storyboard */; };
		A9EC0CB42347DD240070C12A /* Assets.xcassets in Resources */ = {isa = PBXBuildFile; fileRef = A9EC0CB32347DD240070C12A /* Assets.xcassets */; };
		A9EC0CB72347DD240070C12A /* LaunchScreen.storyboard in Resources */ = {isa = PBXBuildFile; fileRef = A9EC0CB52347DD240070C12A /* LaunchScreen.storyboard */; };
		A9EC0CBF2347DD980070C12A /* Block.swift in Sources */ = {isa = PBXBuildFile; fileRef = A9EC0CBE2347DD980070C12A /* Block.swift */; };
		A9EC0CC12347E2450070C12A /* Blockchain.swift in Sources */ = {isa = PBXBuildFile; fileRef = A9EC0CC02347E2450070C12A /* Blockchain.swift */; };
/* End PBXBuildFile section */

/* Begin PBXFileReference section */
		A9EC0CA72347DD230070C12A /* Blockchain.app */ = {isa = PBXFileReference; explicitFileType = wrapper.application; includeInIndex = 0; path = Blockchain.app; sourceTree = BUILT_PRODUCTS_DIR; };
		A9EC0CAA2347DD230070C12A /* AppDelegate.swift */ = {isa = PBXFileReference; lastKnownFileType = sourcecode.swift; path = AppDelegate.swift; sourceTree = "<group>"; };
		A9EC0CAC2347DD230070C12A /* SceneDelegate.swift */ = {isa = PBXFileReference; lastKnownFileType = sourcecode.swift; path = SceneDelegate.swift; sourceTree = "<group>"; };
		A9EC0CAE2347DD230070C12A /* ViewController.swift */ = {isa = PBXFileReference; lastKnownFileType = sourcecode.swift; path = ViewController.swift; sourceTree = "<group>"; };
		A9EC0CB12347DD230070C12A /* Base */ = {isa = PBXFileReference; lastKnownFileType = file.storyboard; name = Base; path = Base.lproj/Main.storyboard; sourceTree = "<group>"; };
		A9EC0CB32347DD240070C12A /* Assets.xcassets */ = {isa = PBXFileReference; lastKnownFileType = folder.assetcatalog; path = Assets.xcassets; sourceTree = "<group>"; };
		A9EC0CB62347DD240070C12A /* Base */ = {isa = PBXFileReference; lastKnownFileType = file.storyboard; name = Base; path = Base.lproj/LaunchScreen.storyboard; sourceTree = "<group>"; };
		A9EC0CB82347DD240070C12A /* Info.plist */ = {isa = PBXFileReference; lastKnownFileType = text.plist.xml; path = Info.plist; sourceTree = "<group>"; };
		A9EC0CBE2347DD980070C12A /* Block.swift */ = {isa = PBXFileReference; lastKnownFileType = sourcecode.swift; path = Block.swift; sourceTree = "<group>"; };
		A9EC0CC02347E2450070C12A /* Blockchain.swift */ = {isa = PBXFileReference; lastKnownFileType = sourcecode.swift; path = Blockchain.swift; sourceTree = "<group>"; };
/* End PBXFileReference section */

/* Begin PBXFrameworksBuildPhase section */
		A9EC0CA42347DD230070C12A /* Frameworks */ = {
			isa = PBXFrameworksBuildPhase;
			buildActionMask = 2147483647;
			files = (
			);
			runOnlyForDeploymentPostprocessing = 0;
		};
/* End PBXFrameworksBuildPhase section */

/* Begin PBXGroup section */
		A9EC0C9E2347DD230070C12A = {
			isa = PBXGroup;
			children = (
				A9EC0CA92347DD230070C12A /* Blockchain */,
				A9EC0CA82347DD230070C12A /* Products */,
			);
			sourceTree = "<group>";
		};
		A9EC0CA82347DD230070C12A /* Products */ = {
			isa = PBXGroup;
			children = (
				A9EC0CA72347DD230070C12A /* Blockchain.app */,
			);
			name = Products;
			sourceTree = "<group>";
		};
		A9EC0CA92347DD230070C12A /* Blockchain */ = {
			isa = PBXGroup;
			children = (
				A9EC0CAA2347DD230070C12A /* AppDelegate.swift */,
				A9EC0CAC2347DD230070C12A /* SceneDelegate.swift */,
				A9EC0CAE2347DD230070C12A /* ViewController.swift */,
				A9EC0CB02347DD230070C12A /* Main.storyboard */,
				A9EC0CB32347DD240070C12A /* Assets.xcassets */,
				A9EC0CB52347DD240070C12A /* LaunchScreen.storyboard */,
				A9EC0CB82347DD240070C12A /* Info.plist */,
				A9EC0CBE2347DD980070C12A /* Block.swift */,
				A9EC0CC02347E2450070C12A /* Blockchain.swift */,
			);
			path = Blockchain;
			sourceTree = "<group>";
		};
/* End PBXGroup section */

/* Begin PBXNativeTarget section */
		A9EC0CA62347DD230070C12A /* Blockchain */ = {
			isa = PBXNativeTarget;
			buildConfigurationList = A9EC0CBB2347DD240070C12A /* Build configuration list for PBXNativeTarget "Blockchain" */;
			buildPhases = (
				A9EC0CA32347DD230070C12A /* Sources */,
				A9EC0CA42347DD230070C12A /* Frameworks */,
				A9EC0CA52347DD230070C12A /* Resources */,
			);
			buildRules = (
			);
			dependencies = (
			);
			name = Blockchain;
			productName = Blockchain;
			productReference = A9EC0CA72347DD230070C12A /* Blockchain.app */;
			productType = "com.apple.product-type.application";
		};
/* End PBXNativeTarget section */

/* Begin PBXProject section */
		A9EC0C9F2347DD230070C12A /* Project object */ = {
			isa = PBXProject;
			attributes = {
				LastSwiftUpdateCheck = 1100;
				LastUpgradeCheck = 1100;
				ORGANIZATIONNAME = "walid sassi";
				TargetAttributes = {
					A9EC0CA62347DD230070C12A = {
						CreatedOnToolsVersion = 11.0;
					};
				};
			};
			buildConfigurationList = A9EC0CA22347DD230070C12A /* Build configuration list for PBXProject "Blockchain" */;
			compatibilityVersion = "Xcode 9.3";
			developmentRegion = en;
			hasScannedForEncodings = 0;
			knownRegions = (
				en,
				Base,
			);
			mainGroup = A9EC0C9E2347DD230070C12A;
			productRefGroup = A9EC0CA82347DD230070C12A /* Products */;
			projectDirPath = "";
			projectRoot = "";
			targets = (
				A9EC0CA62347DD230070C12A /* Blockchain */,
			);
		};
/* End PBXProject section */

/* Begin PBXResourcesBuildPhase section */
		A9EC0CA52347DD230070C12A /* Resources */ = {
			isa = PBXResourcesBuildPhase;
			buildActionMask = 2147483647;
			files = (
				A9EC0CB72347DD240070C12A /* LaunchScreen.storyboard in Resources */,
				A9EC0CB42347DD240070C12A /* Assets.xcassets in Resources */,
				A9EC0CB22347DD230070C12A /* Main.storyboard in Resources */,
			);
			runOnlyForDeploymentPostprocessing = 0;
		};
/* End PBXResourcesBuildPhase section */

/* Begin PBXSourcesBuildPhase section */
		A9EC0CA32347DD230070C12A /* Sources */ = {
			isa = PBXSourcesBuildPhase;
			buildActionMask = 2147483647;
			files = (
				A9EC0CAF2347DD230070C12A /* ViewController.swift in Sources */,
				A9EC0CBF2347DD980070C12A /* Block.swift in Sources */,
				A9EC0CAB2347DD230070C12A /* AppDelegate.swift in Sources */,
				A9EC0CAD2347DD230070C12A /* SceneDelegate.swift in Sources */,
				A9EC0CC12347E2450070C12A /* Blockchain.swift in Sources */,
			);
			runOnlyForDeploymentPostprocessing = 0;
		};
/* End PBXSourcesBuildPhase section */

/* Begin PBXVariantGroup section */
		A9EC0CB02347DD230070C12A /* Main.storyboard */ = {
			isa = PBXVariantGroup;
			children = (
				A9EC0CB12347DD230070C12A /* Base */,
			);
			name = Main.storyboard;
			sourceTree = "<group>";
		};
		A9EC0CB52347DD240070C12A /* LaunchScreen.storyboard */ = {
			isa = PBXVariantGroup;
			children = (
				A9EC0CB62347DD240070C12A /* Base */,
			);
			name = LaunchScreen.storyboard;
			sourceTree = "<group>";
		};
/* End PBXVariantGroup section */

/* Begin XCBuildConfiguration section */
		A9EC0CB92347DD240070C12A /* Debug */ = {
			isa = XCBuildConfiguration;
			buildSettings = {
				ALWAYS_SEARCH_USER_PATHS = NO;
				CLANG_ANALYZER_NONNULL = YES;
				CLANG_ANALYZER_NUMBER_OBJECT_CONVERSION = YES_AGGRESSIVE;
				CLANG_CXX_LANGUAGE_STANDARD = "gnu++14";
				CLANG_CXX_LIBRARY = "libc++";
				CLANG_ENABLE_MODULES = YES;
				CLANG_ENABLE_OBJC_ARC = YES;
				CLANG_ENABLE_OBJC_WEAK = YES;
				CLANG_WARN_BLOCK_CAPTURE_AUTORELEASING = YES;
				CLANG_WARN_BOOL_CONVERSION = YES;
				CLANG_WARN_COMMA = YES;
				CLANG_WARN_CONSTANT_CONVERSION = YES;
				CLANG_WARN_DEPRECATED_OBJC_IMPLEMENTATIONS = YES;
				CLANG_WARN_DIRECT_OBJC_ISA_USAGE = YES_ERROR;
				CLANG_WARN_DOCUMENTATION_COMMENTS = YES;
				CLANG_WARN_EMPTY_BODY = YES;
				CLANG_WARN_ENUM_CONVERSION = YES;
				CLANG_WARN_INFINITE_RECURSION = YES;
				CLANG_WARN_INT_CONVERSION = YES;
				CLANG_WARN_NON_LITERAL_NULL_CONVERSION = YES;
				CLANG_WARN_OBJC_IMPLICIT_RETAIN_SELF = YES;
				CLANG_WARN_OBJC_LITERAL_CONVERSION = YES;
				CLANG_WARN_OBJC_ROOT_CLASS = YES_ERROR;
				CLANG_WARN_RANGE_LOOP_ANALYSIS = YES;
				CLANG_WARN_STRICT_PROTOTYPES = YES;
				CLANG_WARN_SUSPICIOUS_MOVE = YES;
				CLANG_WARN_UNGUARDED_AVAILABILITY = YES_AGGRESSIVE;
				CLANG_WARN_UNREACHABLE_CODE = YES;
				CLANG_WARN__DUPLICATE_METHOD_MATCH = YES;
				COPY_PHASE_STRIP = NO;
				DEBUG_INFORMATION_FORMAT = dwarf;
				ENABLE_STRICT_OBJC_MSGSEND = YES;
				ENABLE_TESTABILITY = YES;
				GCC_C_LANGUAGE_STANDARD = gnu11;
				GCC_DYNAMIC_NO_PIC = NO;
				GCC_NO_COMMON_BLOCKS = YES;
				GCC_OPTIMIZATION_LEVEL = 0;
				GCC_PREPROCESSOR_DEFINITIONS = (
					"DEBUG=1",
					"$(inherited)",
				);
				GCC_WARN_64_TO_32_BIT_CONVERSION = YES;
				GCC_WARN_ABOUT_RETURN_TYPE = YES_ERROR;
				GCC_WARN_UNDECLARED_SELECTOR = YES;
				GCC_WARN_UNINITIALIZED_AUTOS = YES_AGGRESSIVE;
				GCC_WARN_UNUSED_FUNCTION = YES;
				GCC_WARN_UNUSED_VARIABLE = YES;
				IPHONEOS_DEPLOYMENT_TARGET = 13.0;
				MTL_ENABLE_DEBUG_INFO = INCLUDE_SOURCE;
				MTL_FAST_MATH = YES;
				ONLY_ACTIVE_ARCH = YES;
				SDKROOT = iphoneos;
				SWIFT_ACTIVE_COMPILATION_CONDITIONS = DEBUG;
				SWIFT_OPTIMIZATION_LEVEL = "-Onone";
			};
			name = Debug;
		};
		A9EC0CBA2347DD240070C12A /* Release */ = {
			isa = XCBuildConfiguration;
			buildSettings = {
				ALWAYS_SEARCH_USER_PATHS = NO;
				CLANG_ANALYZER_NONNULL = YES;
				CLANG_ANALYZER_NUMBER_OBJECT_CONVERSION = YES_AGGRESSIVE;
				CLANG_CXX_LANGUAGE_STANDARD = "gnu++14";
				CLANG_CXX_LIBRARY = "libc++";
				CLANG_ENABLE_MODULES = YES;
				CLANG_ENABLE_OBJC_ARC = YES;
				CLANG_ENABLE_OBJC_WEAK = YES;
				CLANG_WARN_BLOCK_CAPTURE_AUTORELEASING = YES;
				CLANG_WARN_BOOL_CONVERSION = YES;
				CLANG_WARN_COMMA = YES;
				CLANG_WARN_CONSTANT_CONVERSION = YES;
				CLANG_WARN_DEPRECATED_OBJC_IMPLEMENTATIONS = YES;
				CLANG_WARN_DIRECT_OBJC_ISA_USAGE = YES_ERROR;
				CLANG_WARN_DOCUMENTATION_COMMENTS = YES;
				CLANG_WARN_EMPTY_BODY = YES;
				CLANG_WARN_ENUM_CONVERSION = YES;
				CLANG_WARN_INFINITE_RECURSION = YES;
				CLANG_WARN_INT_CONVERSION = YES;
				CLANG_WARN_NON_LITERAL_NULL_CONVERSION = YES;
				CLANG_WARN_OBJC_IMPLICIT_RETAIN_SELF = YES;
				CLANG_WARN_OBJC_LITERAL_CONVERSION = YES;
				CLANG_WARN_OBJC_ROOT_CLASS = YES_ERROR;
				CLANG_WARN_RANGE_LOOP_ANALYSIS = YES;
				CLANG_WARN_STRICT_PROTOTYPES = YES;
				CLANG_WARN_SUSPICIOUS_MOVE = YES;
				CLANG_WARN_UNGUARDED_AVAILABILITY = YES_AGGRESSIVE;
				CLANG_WARN_UNREACHABLE_CODE = YES;
				CLANG_WARN__DUPLICATE_METHOD_MATCH = YES;
				COPY_PHASE_STRIP = NO;
				DEBUG_INFORMATION_FORMAT = "dwarf-with-dsym";
				ENABLE_NS_ASSERTIONS = NO;
				ENABLE_STRICT_OBJC_MSGSEND = YES;
				GCC_C_LANGUAGE_STANDARD = gnu11;
				GCC_NO_COMMON_BLOCKS = YES;
				GCC_WARN_64_TO_32_BIT_CONVERSION = YES;
				GCC_WARN_ABOUT_RETURN_TYPE = YES_ERROR;
				GCC_WARN_UNDECLARED_SELECTOR = YES;
				GCC_WARN_UNINITIALIZED_AUTOS = YES_AGGRESSIVE;
				GCC_WARN_UNUSED_FUNCTION = YES;
				GCC_WARN_UNUSED_VARIABLE = YES;
				IPHONEOS_DEPLOYMENT_TARGET = 13.0;
				MTL_ENABLE_DEBUG_INFO = NO;
				MTL_FAST_MATH = YES;
				SDKROOT = iphoneos;
				SWIFT_COMPILATION_MODE = wholemodule;
				SWIFT_OPTIMIZATION_LEVEL = "-O";
				VALIDATE_PRODUCT = YES;
			};
			name = Release;
		};
		A9EC0CBC2347DD240070C12A /* Debug */ = {
			isa = XCBuildConfiguration;
			buildSettings = {
				ASSETCATALOG_COMPILER_APPICON_NAME = AppIcon;
				CODE_SIGN_STYLE = Automatic;
				DEVELOPMENT_TEAM = Z6N447KN77;
				INFOPLIST_FILE = Blockchain/Info.plist;
				LD_RUNPATH_SEARCH_PATHS = (
					"$(inherited)",
					"@executable_path/Frameworks",
				);
				PRODUCT_BUNDLE_IDENTIFIER = com.mobilepowered.Blockchain;
				PRODUCT_NAME = "$(TARGET_NAME)";
				SWIFT_VERSION = 5.0;
				TARGETED_DEVICE_FAMILY = "1,2";
			};
			name = Debug;
		};
		A9EC0CBD2347DD240070C12A /* Release */ = {
			isa = XCBuildConfiguration;
			buildSettings = {
				ASSETCATALOG_COMPILER_APPICON_NAME = AppIcon;
				CODE_SIGN_STYLE = Automatic;
				DEVELOPMENT_TEAM = Z6N447KN77;
				INFOPLIST_FILE = Blockchain/Info.plist;
				LD_RUNPATH_SEARCH_PATHS = (
					"$(inherited)",
					"@executable_path/Frameworks",
				);
				PRODUCT_BUNDLE_IDENTIFIER = com.mobilepowered.Blockchain;
				PRODUCT_NAME = "$(TARGET_NAME)";
				SWIFT_VERSION = 5.0;
				TARGETED_DEVICE_FAMILY = "1,2";
			};
			name = Release;
		};
/* End XCBuildConfiguration section */

/* Begin XCConfigurationList section */
		A9EC0CA22347DD230070C12A /* Build configuration list for PBXProject "Blockchain" */ = {
			isa = XCConfigurationList;
			buildConfigurations = (
				A9EC0CB92347DD240070C12A /* Debug */,
				A9EC0CBA2347DD240070C12A /* Release */,
			);
			defaultConfigurationIsVisible = 0;
			defaultConfigurationName = Release;
		};
		A9EC0CBB2347DD240070C12A /* Build configuration list for PBXNativeTarget "Blockchain" */ = {
			isa = XCConfigurationList;
			buildConfigurations = (
				A9EC0CBC2347DD240070C12A /* Debug */,
				A9EC0CBD2347DD240070C12A /* Release */,
			);
			defaultConfigurationIsVisible = 0;
			defaultConfigurationName = Release;
		};
/* End XCConfigurationList section */
	};
	rootObject = A9EC0C9F2347DD230070C12A /* Project object */;
}
